
Microsoft Visual Studio Solution File, Format Version 12.00
# Visual Studio Version 17
VisualStudioVersion = 17.9.34728.123
MinimumVisualStudioVersion = 10.0.40219.1
Project("{9A19103F-16F7-4668-BE54-9A1E7A4F7556}") = "ShopOnline.App", "ShopOnline.App\ShopOnline.App.csproj", "{74B800A7-0B71-44D7-9717-68B91B48B982}"
EndProject
Project("{FAE04EC0-301F-11D3-BF4B-00C04F79EFBC}") = "ShopOnline.Api", "ShopOnline.Api\ShopOnline.Api.csproj", "{2469A1DC-42D7-4745-AA59-F139240132C3}"
EndProject
Project("{FAE04EC0-301F-11D3-BF4B-00C04F79EFBC}") = "ShopOnline.Models", "ShopOnline.Models\ShopOnline.Models.csproj", "{484C0817-0989-4435-9BF6-00EA418D2DA1}"
EndProject
Global
	GlobalSection(SolutionConfigurationPlatforms) = preSolution
		Debug|Any CPU = Debug|Any CPU
		Release|Any CPU = Release|Any CPU
	EndGlobalSection
	GlobalSection(ProjectConfigurationPlatforms) = postSolution
		{74B800A7-0B71-44D7-9717-68B91B48B982}.Debug|Any CPU.ActiveCfg = Debug|Any CPU
		{74B800A7-0B71-44D7-9717-68B91B48B982}.Debug|Any CPU.Build.0 = Debug|Any CPU
		{74B800A7-0B71-44D7-9717-68B91B48B982}.Release|Any CPU.ActiveCfg = Release|Any CPU
		{74B800A7-0B71-44D7-9717-68B91B48B982}.Release|Any CPU.Build.0 = Release|Any CPU
		{2469A1DC-42D7-4745-AA59-F139240132C3}.Debug|Any CPU.ActiveCfg = Debug|Any CPU
		{2469A1DC-42D7-4745-AA59-F139240132C3}.Debug|Any CPU.Build.0 = Debug|Any CPU
		{2469A1DC-42D7-4745-AA59-F139240132C3}.Release|Any CPU.ActiveCfg = Release|Any CPU
		{2469A1DC-42D7-4745-AA59-F139240132C3}.Release|Any CPU.Build.0 = Release|Any CPU
		{484C0817-0989-4435-9BF6-00EA418D2DA1}.Debug|Any CPU.ActiveCfg = Debug|Any CPU
		{484C0817-0989-4435-9BF6-00EA418D2DA1}.Debug|Any CPU.Build.0 = Debug|Any CPU
		{484C0817-0989-4435-9BF6-00EA418D2DA1}.Release|Any CPU.ActiveCfg = Release|Any CPU
		{484C0817-0989-4435-9BF6-00EA418D2DA1}.Release|Any CPU.Build.0 = Release|Any CPU
	EndGlobalSection
	GlobalSection(SolutionProperties) = preSolution
		HideSolutionNode = FALSE
	EndGlobalSection
	GlobalSection(ExtensibilityGlobals) = postSolution
		SolutionGuid = {F6002849-E3CE-4DB2-B29D-4803E751305D}
	EndGlobalSection
EndGlobal
